
Microsoft Visual Studio Solution File, Format Version 12.00
# Visual Studio Version 17
VisualStudioVersion = 17.5.33516.290
MinimumVisualStudioVersion = 10.0.40219.1
Project("{FAE04EC0-301F-11D3-BF4B-00C04F79EFBC}") = "oopExample01", "oopExample01\oopExample01.csproj", "{0D7D21C2-B0E2-4A38-B4EB-4E41FE546118}"
EndProject
Global
	GlobalSection(SolutionConfigurationPlatforms) = preSolution
		Debug|Any CPU = Debug|Any CPU
		Release|Any CPU = Release|Any CPU
	EndGlobalSection
	GlobalSection(ProjectConfigurationPlatforms) = postSolution
		{0D7D21C2-B0E2-4A38-B4EB-4E41FE546118}.Debug|Any CPU.ActiveCfg = Debug|Any CPU
		{0D7D21C2-B0E2-4A38-B4EB-4E41FE546118}.Debug|Any CPU.Build.0 = Debug|Any CPU
		{0D7D21C2-B0E2-4A38-B4EB-4E41FE546118}.Release|Any CPU.ActiveCfg = Release|Any CPU
		{0D7D21C2-B0E2-4A38-B4EB-4E41FE546118}.Release|Any CPU.Build.0 = Release|Any CPU
	EndGlobalSection
	GlobalSection(SolutionProperties) = preSolution
		HideSolutionNode = FALSE
	EndGlobalSection
	GlobalSection(ExtensibilityGlobals) = postSolution
		SolutionGuid = {4C4EC88E-30D6-4D57-BFC2-B7FA54A3584A}
	EndGlobalSection
EndGlobal
