
Microsoft Visual Studio Solution File, Format Version 12.00
# Visual Studio Version 17
VisualStudioVersion = 17.5.33516.290
MinimumVisualStudioVersion = 10.0.40219.1
Project("{FAE04EC0-301F-11D3-BF4B-00C04F79EFBC}") = "Loops-02", "Loops-02\Loops-02.csproj", "{2A47DC76-0B19-49BC-BF8B-004A3EBA5A64}"
EndProject
Global
	GlobalSection(SolutionConfigurationPlatforms) = preSolution
		Debug|Any CPU = Debug|Any CPU
		Release|Any CPU = Release|Any CPU
	EndGlobalSection
	GlobalSection(ProjectConfigurationPlatforms) = postSolution
		{2A47DC76-0B19-49BC-BF8B-004A3EBA5A64}.Debug|Any CPU.ActiveCfg = Debug|Any CPU
		{2A47DC76-0B19-49BC-BF8B-004A3EBA5A64}.Debug|Any CPU.Build.0 = Debug|Any CPU
		{2A47DC76-0B19-49BC-BF8B-004A3EBA5A64}.Release|Any CPU.ActiveCfg = Release|Any CPU
		{2A47DC76-0B19-49BC-BF8B-004A3EBA5A64}.Release|Any CPU.Build.0 = Release|Any CPU
	EndGlobalSection
	GlobalSection(SolutionProperties) = preSolution
		HideSolutionNode = FALSE
	EndGlobalSection
	GlobalSection(ExtensibilityGlobals) = postSolution
		SolutionGuid = {297D58A2-7D7A-4571-A211-390217C2B94A}
	EndGlobalSection
EndGlobal
